
Microsoft Visual Studio Solution File, Format Version 12.00
# Visual Studio Version 17
VisualStudioVersion = 17.14.36908.2 d17.14
MinimumVisualStudioVersion = 10.0.40219.1
Project("{FAE04EC0-301F-11D3-BF4B-00C04F79EFBC}") = "tenantpropertymanagement.Blazor.Server", "tenantpropertymanagement.Blazor.Server\tenantpropertymanagement.Blazor.Server.csproj", "{6F00E270-60EB-4FEB-B52A-8A2C28A8B1EC}"
EndProject
Project("{FAE04EC0-301F-11D3-BF4B-00C04F79EFBC}") = "tenantpropertymanagement.Module", "tenantpropertymanagement.Module\tenantpropertymanagement.Module.csproj", "{298FC62C-E2E4-449E-BBB7-2E7E15F74E6C}"
EndProject
Global
	GlobalSection(SolutionConfigurationPlatforms) = preSolution
		Debug|Any CPU = Debug|Any CPU
		EasyTest|Any CPU = EasyTest|Any CPU
		Release|Any CPU = Release|Any CPU
	EndGlobalSection
	GlobalSection(ProjectConfigurationPlatforms) = postSolution
		{6F00E270-60EB-4FEB-B52A-8A2C28A8B1EC}.Debug|Any CPU.ActiveCfg = Debug|Any CPU
		{6F00E270-60EB-4FEB-B52A-8A2C28A8B1EC}.Debug|Any CPU.Build.0 = Debug|Any CPU
		{6F00E270-60EB-4FEB-B52A-8A2C28A8B1EC}.EasyTest|Any CPU.ActiveCfg = EasyTest|Any CPU
		{6F00E270-60EB-4FEB-B52A-8A2C28A8B1EC}.EasyTest|Any CPU.Build.0 = EasyTest|Any CPU
		{6F00E270-60EB-4FEB-B52A-8A2C28A8B1EC}.Release|Any CPU.ActiveCfg = Release|Any CPU
		{6F00E270-60EB-4FEB-B52A-8A2C28A8B1EC}.Release|Any CPU.Build.0 = Release|Any CPU
		{298FC62C-E2E4-449E-BBB7-2E7E15F74E6C}.Debug|Any CPU.ActiveCfg = Debug|Any CPU
		{298FC62C-E2E4-449E-BBB7-2E7E15F74E6C}.Debug|Any CPU.Build.0 = Debug|Any CPU
		{298FC62C-E2E4-449E-BBB7-2E7E15F74E6C}.EasyTest|Any CPU.ActiveCfg = EasyTest|Any CPU
		{298FC62C-E2E4-449E-BBB7-2E7E15F74E6C}.EasyTest|Any CPU.Build.0 = EasyTest|Any CPU
		{298FC62C-E2E4-449E-BBB7-2E7E15F74E6C}.Release|Any CPU.ActiveCfg = Release|Any CPU
		{298FC62C-E2E4-449E-BBB7-2E7E15F74E6C}.Release|Any CPU.Build.0 = Release|Any CPU
	EndGlobalSection
	GlobalSection(SolutionProperties) = preSolution
		HideSolutionNode = FALSE
	EndGlobalSection
	GlobalSection(ExtensibilityGlobals) = postSolution
		SolutionGuid = {C285141F-FC9B-4DD6-B635-0556F9D1A666}
	EndGlobalSection
EndGlobal
